// !$*UTF8*$!
{
	archiveVersion = 1;
	classes = {
	};
	objectVersion = 56;
	objects = {

/* Begin PBXBuildFile section */
		A1B2C3D4E5F6000000000001 /* HeyClawdApp.swift in Sources */ = {isa = PBXBuildFile; fileRef = A1B2C3D4E5F6000000000010 /* HeyClawdApp.swift */; };
		A1B2C3D4E5F6000000000002 /* AppDelegate.swift in Sources */ = {isa = PBXBuildFile; fileRef = A1B2C3D4E5F6000000000011 /* AppDelegate.swift */; };
		A1B2C3D4E5F6000000000003 /* PetWindow.swift in Sources */ = {isa = PBXBuildFile; fileRef = A1B2C3D4E5F6000000000014 /* PetWindow.swift */; };
		A1B2C3D4E5F6000000000004 /* PetWebView.swift in Sources */ = {isa = PBXBuildFile; fileRef = A1B2C3D4E5F6000000000015 /* PetWebView.swift */; };
		A1B2C3D4E5F6000000000005 /* Resources in Resources */ = {isa = PBXBuildFile; fileRef = A1B2C3D4E5F6000000000016 /* Resources */; };
/* End PBXBuildFile section */

/* Begin PBXFileReference section */
		A1B2C3D4E5F6000000000010 /* HeyClawdApp.swift */ = {isa = PBXFileReference; lastKnownFileType = sourcecode.swift; path = HeyClawdApp.swift; sourceTree = "<group>"; };
		A1B2C3D4E5F6000000000011 /* AppDelegate.swift */ = {isa = PBXFileReference; lastKnownFileType = sourcecode.swift; path = AppDelegate.swift; sourceTree = "<group>"; };
		A1B2C3D4E5F6000000000012 /* Info.plist */ = {isa = PBXFileReference; lastKnownFileType = text.plist.xml; path = Info.plist; sourceTree = "<group>"; };
		A1B2C3D4E5F6000000000013 /* hey-clawd.app */ = {isa = PBXFileReference; explicitFileType = wrapper.application; includeInIndex = 0; path = "hey-clawd.app"; sourceTree = BUILT_PRODUCTS_DIR; };
		A1B2C3D4E5F6000000000014 /* PetWindow.swift */ = {isa = PBXFileReference; lastKnownFileType = sourcecode.swift; path = PetWindow.swift; sourceTree = "<group>"; };
		A1B2C3D4E5F6000000000015 /* PetWebView.swift */ = {isa = PBXFileReference; lastKnownFileType = sourcecode.swift; path = PetWebView.swift; sourceTree = "<group>"; };
		A1B2C3D4E5F6000000000016 /* Resources */ = {isa = PBXFileReference; lastKnownFileType = folder; path = Resources; sourceTree = "<group>"; };
/* End PBXFileReference section */

/* Begin PBXFrameworksBuildPhase section */
		A1B2C3D4E5F6000000000020 /* Frameworks */ = {
			isa = PBXFrameworksBuildPhase;
			buildActionMask = 2147483647;
			files = (
			);
			runOnlyForDeploymentPostprocessing = 0;
		};
/* End PBXFrameworksBuildPhase section */

/* Begin PBXGroup section */
		A1B2C3D4E5F6000000000030 = {
			isa = PBXGroup;
			children = (
				A1B2C3D4E5F6000000000031 /* App */,
				A1B2C3D4E5F6000000000033 /* Window */,
				A1B2C3D4E5F6000000000016 /* Resources */,
				A1B2C3D4E5F6000000000012 /* Info.plist */,
				A1B2C3D4E5F6000000000032 /* Products */,
			);
			sourceTree = "<group>";
		};
		A1B2C3D4E5F6000000000031 /* App */ = {
			isa = PBXGroup;
			children = (
				A1B2C3D4E5F6000000000010 /* HeyClawdApp.swift */,
				A1B2C3D4E5F6000000000011 /* AppDelegate.swift */,
			);
			path = Sources/App;
			sourceTree = "<group>";
		};
		A1B2C3D4E5F6000000000033 /* Window */ = {
			isa = PBXGroup;
			children = (
				A1B2C3D4E5F6000000000014 /* PetWindow.swift */,
				A1B2C3D4E5F6000000000015 /* PetWebView.swift */,
			);
			path = Sources/Window;
			sourceTree = "<group>";
		};
		A1B2C3D4E5F6000000000032 /* Products */ = {
			isa = PBXGroup;
			children = (
				A1B2C3D4E5F6000000000013 /* hey-clawd.app */,
			);
			name = Products;
			sourceTree = "<group>";
		};
/* End PBXGroup section */

/* Begin PBXNativeTarget section */
		A1B2C3D4E5F6000000000040 /* hey-clawd */ = {
			isa = PBXNativeTarget;
			buildConfigurationList = A1B2C3D4E5F6000000000050 /* Build configuration list for PBXNativeTarget "hey-clawd" */;
			buildPhases = (
				A1B2C3D4E5F6000000000021 /* Sources */,
				A1B2C3D4E5F6000000000020 /* Frameworks */,
				A1B2C3D4E5F6000000000022 /* Resources */,
			);
			buildRules = (
			);
			dependencies = (
			);
			name = "hey-clawd";
			packageProductDependencies = (
			);
			productName = "hey-clawd";
			productReference = A1B2C3D4E5F6000000000013 /* hey-clawd.app */;
			productType = "com.apple.product-type.application";
		};
/* End PBXNativeTarget section */

/* Begin PBXProject section */
		A1B2C3D4E5F6000000000041 /* Project object */ = {
			isa = PBXProject;
			attributes = {
				BuildIndependentTargetsInParallel = 1;
				LastSwiftUpdateCheck = 1600;
				LastUpgradeCheck = 1600;
				ORGANIZATIONNAME = "gongshuisanye";
				TargetAttributes = {
					A1B2C3D4E5F6000000000040 = {
						CreatedOnToolsVersion = 16.0;
					};
				};
			};
			buildConfigurationList = A1B2C3D4E5F6000000000051 /* Build configuration list for PBXProject "hey-clawd" */;
			compatibilityVersion = "Xcode 15.0";
			developmentRegion = en;
			hasScannedForEncodings = 0;
			knownRegions = (
				en,
				Base,
			);
			mainGroup = A1B2C3D4E5F6000000000030;
			productRefGroup = A1B2C3D4E5F6000000000032 /* Products */;
			projectDirPath = "";
			projectRoot = "";
			targets = (
				A1B2C3D4E5F6000000000040 /* hey-clawd */,
			);
		};
/* End PBXProject section */

/* Begin PBXResourcesBuildPhase section */
		A1B2C3D4E5F6000000000022 /* Resources */ = {
			isa = PBXResourcesBuildPhase;
			buildActionMask = 2147483647;
			files = (
				A1B2C3D4E5F6000000000005 /* Resources in Resources */,
			);
			runOnlyForDeploymentPostprocessing = 0;
		};
/* End PBXResourcesBuildPhase section */

/* Begin PBXSourcesBuildPhase section */
		A1B2C3D4E5F6000000000021 /* Sources */ = {
			isa = PBXSourcesBuildPhase;
			buildActionMask = 2147483647;
			files = (
				A1B2C3D4E5F6000000000004 /* PetWebView.swift in Sources */,
				A1B2C3D4E5F6000000000003 /* PetWindow.swift in Sources */,
				A1B2C3D4E5F6000000000002 /* AppDelegate.swift in Sources */,
				A1B2C3D4E5F6000000000001 /* HeyClawdApp.swift in Sources */,
			);
			runOnlyForDeploymentPostprocessing = 0;
		};
/* End PBXSourcesBuildPhase section */

/* Begin XCBuildConfiguration section */
		A1B2C3D4E5F6000000000060 /* Debug */ = {
			isa = XCBuildConfiguration;
			buildSettings = {
				CLANG_ENABLE_MODULES = YES;
				MACOSX_DEPLOYMENT_TARGET = 12.0;
				SDKROOT = macosx;
				SWIFT_VERSION = 6.0;
			};
			name = Debug;
		};
		A1B2C3D4E5F6000000000061 /* Release */ = {
			isa = XCBuildConfiguration;
			buildSettings = {
				CLANG_ENABLE_MODULES = YES;
				MACOSX_DEPLOYMENT_TARGET = 12.0;
				SDKROOT = macosx;
				SWIFT_VERSION = 6.0;
			};
			name = Release;
		};
		A1B2C3D4E5F6000000000062 /* Debug */ = {
			isa = XCBuildConfiguration;
			buildSettings = {
				CODE_SIGN_STYLE = Automatic;
				CURRENT_PROJECT_VERSION = 1;
				GENERATE_INFOPLIST_FILE = NO;
				INFOPLIST_FILE = Info.plist;
				LD_RUNPATH_SEARCH_PATHS = (
					"$(inherited)",
					"@executable_path/../Frameworks",
				);
				MACOSX_DEPLOYMENT_TARGET = 12.0;
				MARKETING_VERSION = 1.0;
				PRODUCT_BUNDLE_IDENTIFIER = com.gongshuisanye.hey-clawd;
				PRODUCT_NAME = "$(TARGET_NAME)";
				SDKROOT = macosx;
				SWIFT_EMIT_LOC_STRINGS = YES;
				SWIFT_VERSION = 6.0;
			};
			name = Debug;
		};
		A1B2C3D4E5F6000000000063 /* Release */ = {
			isa = XCBuildConfiguration;
			buildSettings = {
				CODE_SIGN_STYLE = Automatic;
				CURRENT_PROJECT_VERSION = 1;
				GENERATE_INFOPLIST_FILE = NO;
				INFOPLIST_FILE = Info.plist;
				LD_RUNPATH_SEARCH_PATHS = (
					"$(inherited)",
					"@executable_path/../Frameworks",
				);
				MACOSX_DEPLOYMENT_TARGET = 12.0;
				MARKETING_VERSION = 1.0;
				PRODUCT_BUNDLE_IDENTIFIER = com.gongshuisanye.hey-clawd;
				PRODUCT_NAME = "$(TARGET_NAME)";
				SDKROOT = macosx;
				SWIFT_EMIT_LOC_STRINGS = YES;
				SWIFT_VERSION = 6.0;
			};
			name = Release;
		};
/* End XCBuildConfiguration section */

/* Begin XCConfigurationList section */
		A1B2C3D4E5F6000000000050 /* Build configuration list for PBXNativeTarget "hey-clawd" */ = {
			isa = XCConfigurationList;
			buildConfigurations = (
				A1B2C3D4E5F6000000000062 /* Debug */,
				A1B2C3D4E5F6000000000063 /* Release */,
			);
			defaultConfigurationIsVisible = 0;
			defaultConfigurationName = Release;
		};
		A1B2C3D4E5F6000000000051 /* Build configuration list for PBXProject "hey-clawd" */ = {
			isa = XCConfigurationList;
			buildConfigurations = (
				A1B2C3D4E5F6000000000060 /* Debug */,
				A1B2C3D4E5F6000000000061 /* Release */,
			);
			defaultConfigurationIsVisible = 0;
			defaultConfigurationName = Release;
		};
/* End XCConfigurationList section */
	};
	rootObject = A1B2C3D4E5F6000000000041 /* Project object */;
}
