// !$*UTF8*$!
{
	archiveVersion = 1;
	classes = {
	};
	objectVersion = 60;
	objects = {

/* Begin PBXBuildFile section */
		A1B2C3D4E5F6000000000001 /* HeyClawdApp.swift in Sources */ = {isa = PBXBuildFile; fileRef = A1B2C3D4E5F6000000000010 /* HeyClawdApp.swift */; };
		A1B2C3D4E5F6000000000002 /* AppDelegate.swift in Sources */ = {isa = PBXBuildFile; fileRef = A1B2C3D4E5F6000000000011 /* AppDelegate.swift */; };
		A1B2C3D4E5F6000000000003 /* PetWindow.swift in Sources */ = {isa = PBXBuildFile; fileRef = A1B2C3D4E5F6000000000014 /* PetWindow.swift */; };
		A1B2C3D4E5F6000000000005 /* Resources in Resources */ = {isa = PBXBuildFile; fileRef = A1B2C3D4E5F6000000000016 /* Resources */; };
		B100000000000000000000A0 /* HTTPParser.swift in Sources */ = {isa = PBXBuildFile; fileRef = B100000000000000000000B0 /* HTTPParser.swift */; };
		B100000000000000000000A1 /* HTTPServer.swift in Sources */ = {isa = PBXBuildFile; fileRef = B100000000000000000000B1 /* HTTPServer.swift */; };
		B100000000000000000000A2 /* HotKeyManager.swift in Sources */ = {isa = PBXBuildFile; fileRef = B100000000000000000000B2 /* HotKeyManager.swift */; };
		B100000000000000000000A3 /* Preferences.swift in Sources */ = {isa = PBXBuildFile; fileRef = B100000000000000000000B3 /* Preferences.swift */; };
		B100000000000000000000A4 /* Session.swift in Sources */ = {isa = PBXBuildFile; fileRef = B100000000000000000000B4 /* Session.swift */; };
		B100000000000000000000A5 /* SoundPlayer.swift in Sources */ = {isa = PBXBuildFile; fileRef = B100000000000000000000B5 /* SoundPlayer.swift */; };
		B100000000000000000000A6 /* StateMachine.swift in Sources */ = {isa = PBXBuildFile; fileRef = B100000000000000000000B6 /* StateMachine.swift */; };
		B100000000000000000000A7 /* EyeTracker.swift in Sources */ = {isa = PBXBuildFile; fileRef = B100000000000000000000B7 /* EyeTracker.swift */; };
		B100000000000000000000A8 /* BubbleStack.swift in Sources */ = {isa = PBXBuildFile; fileRef = B100000000000000000000B8 /* BubbleStack.swift */; };
		B100000000000000000000A9 /* BubbleView.swift in Sources */ = {isa = PBXBuildFile; fileRef = B100000000000000000000B9 /* BubbleView.swift */; };
		B10000000000000000000AA0 /* BubbleWindow.swift in Sources */ = {isa = PBXBuildFile; fileRef = B10000000000000000000BB0 /* BubbleWindow.swift */; };
		B10000000000000000000AA1 /* TerminalFocus.swift in Sources */ = {isa = PBXBuildFile; fileRef = B10000000000000000000BB1 /* TerminalFocus.swift */; };
		B10000000000000000000AA6 /* ProcessInspector.swift in Sources */ = {isa = PBXBuildFile; fileRef = B10000000000000000000BB6 /* ProcessInspector.swift */; };
		B10000000000000000000CA0 /* PermissionMatchKey.swift in Sources */ = {isa = PBXBuildFile; fileRef = B10000000000000000000CB0 /* PermissionMatchKey.swift */; };
		B10000000000000000000AA2 /* MiniMode.swift in Sources */ = {isa = PBXBuildFile; fileRef = B10000000000000000000BB2 /* MiniMode.swift */; };
		B10000000000000000000AA3 /* SparkleUpdater.swift in Sources */ = {isa = PBXBuildFile; fileRef = B10000000000000000000BB3 /* SparkleUpdater.swift */; };
		B10000000000000000000AA4 /* StatusBarController.swift in Sources */ = {isa = PBXBuildFile; fileRef = B10000000000000000000BB4 /* StatusBarController.swift */; };
		B10000000000000000000AA5 /* MenuBuilder.swift in Sources */ = {isa = PBXBuildFile; fileRef = B10000000000000000000BB5 /* MenuBuilder.swift */; };
		B10000000000000000000FF0 /* Sparkle in Frameworks */ = {isa = PBXBuildFile; productRef = B10000000000000000000FF1 /* Sparkle */; };
		C100000000000000000000A0 /* AppIcon.icns in Resources */ = {isa = PBXBuildFile; fileRef = C100000000000000000000B0 /* AppIcon.icns */; };
		D100000000000000000000A0 /* hooks in Resources */ = {isa = PBXBuildFile; fileRef = D100000000000000000000B0 /* hooks */; };
		D100000000000000000000A1 /* HookInstaller.swift in Sources */ = {isa = PBXBuildFile; fileRef = D100000000000000000000B1 /* HookInstaller.swift */; };
		E100000000000000000000A0 /* PetView.swift in Sources */ = {isa = PBXBuildFile; fileRef = E100000000000000000000B0 /* PetView.swift */; };
		E100000000000000000000A1 /* CodexMonitor.swift in Sources */ = {isa = PBXBuildFile; fileRef = E100000000000000000000B1 /* CodexMonitor.swift */; };
		E100000000000000000000A2 /* ColorParser.swift in Sources */ = {isa = PBXBuildFile; fileRef = E100000000000000000000B2 /* ColorParser.swift */; };
		E100000000000000000000A3 /* PathParser.swift in Sources */ = {isa = PBXBuildFile; fileRef = E100000000000000000000B3 /* PathParser.swift */; };
		E100000000000000000000A4 /* TransformParser.swift in Sources */ = {isa = PBXBuildFile; fileRef = E100000000000000000000B4 /* TransformParser.swift */; };
		E100000000000000000000A5 /* SVGDocument.swift in Sources */ = {isa = PBXBuildFile; fileRef = E100000000000000000000B5 /* SVGDocument.swift */; };
		E100000000000000000000A6 /* SVGParser.swift in Sources */ = {isa = PBXBuildFile; fileRef = E100000000000000000000B6 /* SVGParser.swift */; };
		E100000000000000000000A7 /* CSSParser.swift in Sources */ = {isa = PBXBuildFile; fileRef = E100000000000000000000B7 /* CSSParser.swift */; };
		E100000000000000000000A8 /* CAAnimationBuilder.swift in Sources */ = {isa = PBXBuildFile; fileRef = E100000000000000000000B8 /* CAAnimationBuilder.swift */; };
		E100000000000000000000A9 /* CALayerRenderer.swift in Sources */ = {isa = PBXBuildFile; fileRef = E100000000000000000000B9 /* CALayerRenderer.swift */; };
		E10000000000000000000AA0 /* SVGDocumentCache.swift in Sources */ = {isa = PBXBuildFile; fileRef = E10000000000000000000BB0 /* SVGDocumentCache.swift */; };
/* End PBXBuildFile section */

/* Begin PBXFileReference section */
		A1B2C3D4E5F6000000000010 /* HeyClawdApp.swift */ = {isa = PBXFileReference; lastKnownFileType = sourcecode.swift; path = HeyClawdApp.swift; sourceTree = "<group>"; };
		A1B2C3D4E5F6000000000011 /* AppDelegate.swift */ = {isa = PBXFileReference; lastKnownFileType = sourcecode.swift; path = AppDelegate.swift; sourceTree = "<group>"; };
		A1B2C3D4E5F6000000000012 /* Info.plist */ = {isa = PBXFileReference; lastKnownFileType = text.plist.xml; path = Info.plist; sourceTree = "<group>"; };
		A1B2C3D4E5F6000000000013 /* hey-clawd.app */ = {isa = PBXFileReference; explicitFileType = wrapper.application; includeInIndex = 0; path = "hey-clawd.app"; sourceTree = BUILT_PRODUCTS_DIR; };
		A1B2C3D4E5F6000000000014 /* PetWindow.swift */ = {isa = PBXFileReference; lastKnownFileType = sourcecode.swift; path = PetWindow.swift; sourceTree = "<group>"; };
		A1B2C3D4E5F6000000000016 /* Resources */ = {isa = PBXFileReference; lastKnownFileType = folder; path = Resources; sourceTree = "<group>"; };
		B100000000000000000000B0 /* HTTPParser.swift */ = {isa = PBXFileReference; lastKnownFileType = sourcecode.swift; path = HTTPParser.swift; sourceTree = "<group>"; };
		B100000000000000000000B1 /* HTTPServer.swift */ = {isa = PBXFileReference; lastKnownFileType = sourcecode.swift; path = HTTPServer.swift; sourceTree = "<group>"; };
		B100000000000000000000B2 /* HotKeyManager.swift */ = {isa = PBXFileReference; lastKnownFileType = sourcecode.swift; path = HotKeyManager.swift; sourceTree = "<group>"; };
		B100000000000000000000B3 /* Preferences.swift */ = {isa = PBXFileReference; lastKnownFileType = sourcecode.swift; path = Preferences.swift; sourceTree = "<group>"; };
		B100000000000000000000B4 /* Session.swift */ = {isa = PBXFileReference; lastKnownFileType = sourcecode.swift; path = Session.swift; sourceTree = "<group>"; };
		B100000000000000000000B5 /* SoundPlayer.swift */ = {isa = PBXFileReference; lastKnownFileType = sourcecode.swift; path = SoundPlayer.swift; sourceTree = "<group>"; };
		B100000000000000000000B6 /* StateMachine.swift */ = {isa = PBXFileReference; lastKnownFileType = sourcecode.swift; path = StateMachine.swift; sourceTree = "<group>"; };
		B100000000000000000000B7 /* EyeTracker.swift */ = {isa = PBXFileReference; lastKnownFileType = sourcecode.swift; path = EyeTracker.swift; sourceTree = "<group>"; };
		B100000000000000000000B8 /* BubbleStack.swift */ = {isa = PBXFileReference; lastKnownFileType = sourcecode.swift; path = BubbleStack.swift; sourceTree = "<group>"; };
		B100000000000000000000B9 /* BubbleView.swift */ = {isa = PBXFileReference; lastKnownFileType = sourcecode.swift; path = BubbleView.swift; sourceTree = "<group>"; };
		B10000000000000000000BB0 /* BubbleWindow.swift */ = {isa = PBXFileReference; lastKnownFileType = sourcecode.swift; path = BubbleWindow.swift; sourceTree = "<group>"; };
		B10000000000000000000BB1 /* TerminalFocus.swift */ = {isa = PBXFileReference; lastKnownFileType = sourcecode.swift; path = TerminalFocus.swift; sourceTree = "<group>"; };
		B10000000000000000000BB6 /* ProcessInspector.swift */ = {isa = PBXFileReference; lastKnownFileType = sourcecode.swift; path = ProcessInspector.swift; sourceTree = "<group>"; };
		B10000000000000000000CB0 /* PermissionMatchKey.swift */ = {isa = PBXFileReference; lastKnownFileType = sourcecode.swift; path = PermissionMatchKey.swift; sourceTree = "<group>"; };
		B10000000000000000000BB2 /* MiniMode.swift */ = {isa = PBXFileReference; lastKnownFileType = sourcecode.swift; path = MiniMode.swift; sourceTree = "<group>"; };
		B10000000000000000000BB3 /* SparkleUpdater.swift */ = {isa = PBXFileReference; lastKnownFileType = sourcecode.swift; path = SparkleUpdater.swift; sourceTree = "<group>"; };
		B10000000000000000000BB4 /* StatusBarController.swift */ = {isa = PBXFileReference; lastKnownFileType = sourcecode.swift; path = StatusBarController.swift; sourceTree = "<group>"; };
		B10000000000000000000BB5 /* MenuBuilder.swift */ = {isa = PBXFileReference; lastKnownFileType = sourcecode.swift; path = MenuBuilder.swift; sourceTree = "<group>"; };
		C100000000000000000000B0 /* AppIcon.icns */ = {isa = PBXFileReference; lastKnownFileType = image.icns; path = AppIcon.icns; sourceTree = "<group>"; };
		D100000000000000000000B0 /* hooks */ = {isa = PBXFileReference; lastKnownFileType = folder; path = hooks; sourceTree = "<group>"; };
		D100000000000000000000B1 /* HookInstaller.swift */ = {isa = PBXFileReference; lastKnownFileType = sourcecode.swift; path = HookInstaller.swift; sourceTree = "<group>"; };
		E100000000000000000000B0 /* PetView.swift */ = {isa = PBXFileReference; lastKnownFileType = sourcecode.swift; path = PetView.swift; sourceTree = "<group>"; };
		E100000000000000000000B1 /* CodexMonitor.swift */ = {isa = PBXFileReference; lastKnownFileType = sourcecode.swift; path = CodexMonitor.swift; sourceTree = "<group>"; };
		E100000000000000000000B2 /* ColorParser.swift */ = {isa = PBXFileReference; lastKnownFileType = sourcecode.swift; path = ColorParser.swift; sourceTree = "<group>"; };
		E100000000000000000000B3 /* PathParser.swift */ = {isa = PBXFileReference; lastKnownFileType = sourcecode.swift; path = PathParser.swift; sourceTree = "<group>"; };
		E100000000000000000000B4 /* TransformParser.swift */ = {isa = PBXFileReference; lastKnownFileType = sourcecode.swift; path = TransformParser.swift; sourceTree = "<group>"; };
		E100000000000000000000B5 /* SVGDocument.swift */ = {isa = PBXFileReference; lastKnownFileType = sourcecode.swift; path = SVGDocument.swift; sourceTree = "<group>"; };
		E100000000000000000000B6 /* SVGParser.swift */ = {isa = PBXFileReference; lastKnownFileType = sourcecode.swift; path = SVGParser.swift; sourceTree = "<group>"; };
		E100000000000000000000B7 /* CSSParser.swift */ = {isa = PBXFileReference; lastKnownFileType = sourcecode.swift; path = CSSParser.swift; sourceTree = "<group>"; };
		E100000000000000000000B8 /* CAAnimationBuilder.swift */ = {isa = PBXFileReference; lastKnownFileType = sourcecode.swift; path = CAAnimationBuilder.swift; sourceTree = "<group>"; };
		E100000000000000000000B9 /* CALayerRenderer.swift */ = {isa = PBXFileReference; lastKnownFileType = sourcecode.swift; path = CALayerRenderer.swift; sourceTree = "<group>"; };
		E10000000000000000000BB0 /* SVGDocumentCache.swift */ = {isa = PBXFileReference; lastKnownFileType = sourcecode.swift; path = SVGDocumentCache.swift; sourceTree = "<group>"; };
/* End PBXFileReference section */

/* Begin PBXFrameworksBuildPhase section */
		A1B2C3D4E5F6000000000020 /* Frameworks */ = {
			isa = PBXFrameworksBuildPhase;
			buildActionMask = 2147483647;
			files = (
				B10000000000000000000FF0 /* Sparkle in Frameworks */,
			);
			runOnlyForDeploymentPostprocessing = 0;
		};
/* End PBXFrameworksBuildPhase section */

/* Begin PBXGroup section */
		A1B2C3D4E5F6000000000030 = {
			isa = PBXGroup;
			children = (
				A1B2C3D4E5F6000000000031 /* Sources/App */,
				B10000000000000000000C00 /* Sources/Core */,
				A1B2C3D4E5F6000000000033 /* Sources/Window */,
				B10000000000000000000C01 /* Sources/Bubble */,
				B10000000000000000000C02 /* Sources/Focus */,
				B10000000000000000000C03 /* Sources/Mini */,
				B10000000000000000000C04 /* Sources/Update */,
				B10000000000000000000C05 /* Sources/Tray */,
				A1B2C3D4E5F6000000000016 /* Resources */,
				D100000000000000000000B0 /* hooks */,
				C100000000000000000000B0 /* AppIcon.icns */,
				A1B2C3D4E5F6000000000012 /* Info.plist */,
				A1B2C3D4E5F6000000000032 /* Products */,
			);
			sourceTree = "<group>";
		};
		A1B2C3D4E5F6000000000031 /* Sources/App */ = {
			isa = PBXGroup;
			children = (
				A1B2C3D4E5F6000000000010 /* HeyClawdApp.swift */,
				A1B2C3D4E5F6000000000011 /* AppDelegate.swift */,
			);
			path = Sources/App;
			sourceTree = "<group>";
		};
		A1B2C3D4E5F6000000000032 /* Products */ = {
			isa = PBXGroup;
			children = (
				A1B2C3D4E5F6000000000013 /* hey-clawd.app */,
			);
			name = Products;
			sourceTree = "<group>";
		};
		A1B2C3D4E5F6000000000033 /* Sources/Window */ = {
			isa = PBXGroup;
			children = (
				A1B2C3D4E5F6000000000014 /* PetWindow.swift */,
				E100000000000000000000B0 /* PetView.swift */,
				B100000000000000000000B7 /* EyeTracker.swift */,
			);
			path = Sources/Window;
			sourceTree = "<group>";
		};
		B10000000000000000000C00 /* Sources/Core */ = {
			isa = PBXGroup;
			children = (
				E10000000000000000000C00 /* SVG */,
				E100000000000000000000B1 /* CodexMonitor.swift */,
				B100000000000000000000B0 /* HTTPParser.swift */,
				B100000000000000000000B1 /* HTTPServer.swift */,
				B100000000000000000000B2 /* HotKeyManager.swift */,
				B100000000000000000000B3 /* Preferences.swift */,
				B100000000000000000000B4 /* Session.swift */,
				B100000000000000000000B5 /* SoundPlayer.swift */,
				B100000000000000000000B6 /* StateMachine.swift */,
				B10000000000000000000CB0 /* PermissionMatchKey.swift */,
				D100000000000000000000B1 /* HookInstaller.swift */,
			);
			path = Sources/Core;
			sourceTree = "<group>";
		};
		E10000000000000000000C00 /* SVG */ = {
			isa = PBXGroup;
			children = (
				E100000000000000000000B8 /* CAAnimationBuilder.swift */,
				E100000000000000000000B9 /* CALayerRenderer.swift */,
				E100000000000000000000B2 /* ColorParser.swift */,
				E100000000000000000000B7 /* CSSParser.swift */,
				E100000000000000000000B3 /* PathParser.swift */,
				E100000000000000000000B5 /* SVGDocument.swift */,
				E10000000000000000000BB0 /* SVGDocumentCache.swift */,
				E100000000000000000000B6 /* SVGParser.swift */,
				E100000000000000000000B4 /* TransformParser.swift */,
			);
			path = SVG;
			sourceTree = "<group>";
		};
		B10000000000000000000C01 /* Sources/Bubble */ = {
			isa = PBXGroup;
			children = (
				B100000000000000000000B8 /* BubbleStack.swift */,
				B100000000000000000000B9 /* BubbleView.swift */,
				B10000000000000000000BB0 /* BubbleWindow.swift */,
			);
			path = Sources/Bubble;
			sourceTree = "<group>";
		};
		B10000000000000000000C02 /* Sources/Focus */ = {
			isa = PBXGroup;
			children = (
				B10000000000000000000BB6 /* ProcessInspector.swift */,
				B10000000000000000000BB1 /* TerminalFocus.swift */,
			);
			path = Sources/Focus;
			sourceTree = "<group>";
		};
		B10000000000000000000C03 /* Sources/Mini */ = {
			isa = PBXGroup;
			children = (
				B10000000000000000000BB2 /* MiniMode.swift */,
			);
			path = Sources/Mini;
			sourceTree = "<group>";
		};
		B10000000000000000000C04 /* Sources/Update */ = {
			isa = PBXGroup;
			children = (
				B10000000000000000000BB3 /* SparkleUpdater.swift */,
			);
			path = Sources/Update;
			sourceTree = "<group>";
		};
		B10000000000000000000C05 /* Sources/Tray */ = {
			isa = PBXGroup;
			children = (
				B10000000000000000000BB4 /* StatusBarController.swift */,
				B10000000000000000000BB5 /* MenuBuilder.swift */,
			);
			path = Sources/Tray;
			sourceTree = "<group>";
		};
/* End PBXGroup section */

/* Begin PBXNativeTarget section */
		A1B2C3D4E5F6000000000040 /* hey-clawd */ = {
			isa = PBXNativeTarget;
			buildConfigurationList = A1B2C3D4E5F6000000000050 /* Build configuration list for PBXNativeTarget "hey-clawd" */;
			buildPhases = (
				A1B2C3D4E5F6000000000021 /* Sources */,
				A1B2C3D4E5F6000000000020 /* Frameworks */,
				A1B2C3D4E5F6000000000022 /* Resources */,
			);
			buildRules = (
			);
			dependencies = (
			);
			name = "hey-clawd";
			packageProductDependencies = (
				B10000000000000000000FF1 /* Sparkle */,
			);
			productName = "hey-clawd";
			productReference = A1B2C3D4E5F6000000000013 /* hey-clawd.app */;
			productType = "com.apple.product-type.application";
		};
/* End PBXNativeTarget section */

/* Begin PBXProject section */
		A1B2C3D4E5F6000000000041 /* Project object */ = {
			isa = PBXProject;
			attributes = {
				BuildIndependentTargetsInParallel = 1;
				LastSwiftUpdateCheck = 1600;
				LastUpgradeCheck = 1600;
				ORGANIZATIONNAME = gongshuisanye;
				TargetAttributes = {
					A1B2C3D4E5F6000000000040 = {
						CreatedOnToolsVersion = 16.0;
					};
				};
			};
			buildConfigurationList = A1B2C3D4E5F6000000000051 /* Build configuration list for PBXProject "hey-clawd" */;
			compatibilityVersion = "Xcode 15.0";
			developmentRegion = en;
			hasScannedForEncodings = 0;
			knownRegions = (
				en,
				Base,
			);
			mainGroup = A1B2C3D4E5F6000000000030;
			packageReferences = (
				B10000000000000000000FF2 /* XCRemoteSwiftPackageReference "Sparkle" */,
			);
			productRefGroup = A1B2C3D4E5F6000000000032 /* Products */;
			projectDirPath = "";
			projectRoot = "";
			targets = (
				A1B2C3D4E5F6000000000040 /* hey-clawd */,
			);
		};
/* End PBXProject section */

/* Begin PBXResourcesBuildPhase section */
		A1B2C3D4E5F6000000000022 /* Resources */ = {
			isa = PBXResourcesBuildPhase;
			buildActionMask = 2147483647;
			files = (
				A1B2C3D4E5F6000000000005 /* Resources in Resources */,
				D100000000000000000000A0 /* hooks in Resources */,
				C100000000000000000000A0 /* AppIcon.icns in Resources */,
			);
			runOnlyForDeploymentPostprocessing = 0;
		};
/* End PBXResourcesBuildPhase section */

/* Begin PBXSourcesBuildPhase section */
		A1B2C3D4E5F6000000000021 /* Sources */ = {
			isa = PBXSourcesBuildPhase;
			buildActionMask = 2147483647;
			files = (
				A1B2C3D4E5F6000000000001 /* HeyClawdApp.swift in Sources */,
				A1B2C3D4E5F6000000000002 /* AppDelegate.swift in Sources */,
				A1B2C3D4E5F6000000000003 /* PetWindow.swift in Sources */,
				B100000000000000000000A0 /* HTTPParser.swift in Sources */,
				B100000000000000000000A1 /* HTTPServer.swift in Sources */,
				B100000000000000000000A2 /* HotKeyManager.swift in Sources */,
				B100000000000000000000A3 /* Preferences.swift in Sources */,
				B100000000000000000000A4 /* Session.swift in Sources */,
				B100000000000000000000A5 /* SoundPlayer.swift in Sources */,
				B100000000000000000000A6 /* StateMachine.swift in Sources */,
				B10000000000000000000CA0 /* PermissionMatchKey.swift in Sources */,
				B100000000000000000000A7 /* EyeTracker.swift in Sources */,
				B100000000000000000000A8 /* BubbleStack.swift in Sources */,
				B100000000000000000000A9 /* BubbleView.swift in Sources */,
				B10000000000000000000AA0 /* BubbleWindow.swift in Sources */,
				B10000000000000000000AA1 /* TerminalFocus.swift in Sources */,
				B10000000000000000000AA6 /* ProcessInspector.swift in Sources */,
				B10000000000000000000AA2 /* MiniMode.swift in Sources */,
				B10000000000000000000AA3 /* SparkleUpdater.swift in Sources */,
				B10000000000000000000AA4 /* StatusBarController.swift in Sources */,
				B10000000000000000000AA5 /* MenuBuilder.swift in Sources */,
				D100000000000000000000A1 /* HookInstaller.swift in Sources */,
				E100000000000000000000A0 /* PetView.swift in Sources */,
				E100000000000000000000A1 /* CodexMonitor.swift in Sources */,
				E100000000000000000000A2 /* ColorParser.swift in Sources */,
				E100000000000000000000A3 /* PathParser.swift in Sources */,
				E100000000000000000000A4 /* TransformParser.swift in Sources */,
				E100000000000000000000A5 /* SVGDocument.swift in Sources */,
				E100000000000000000000A6 /* SVGParser.swift in Sources */,
				E100000000000000000000A7 /* CSSParser.swift in Sources */,
				E100000000000000000000A8 /* CAAnimationBuilder.swift in Sources */,
				E100000000000000000000A9 /* CALayerRenderer.swift in Sources */,
				E10000000000000000000AA0 /* SVGDocumentCache.swift in Sources */,
			);
			runOnlyForDeploymentPostprocessing = 0;
		};
/* End PBXSourcesBuildPhase section */

/* Begin XCBuildConfiguration section */
		A1B2C3D4E5F6000000000060 /* Debug */ = {
			isa = XCBuildConfiguration;
			buildSettings = {
				CLANG_ENABLE_MODULES = YES;
				MACOSX_DEPLOYMENT_TARGET = 12.0;
				SDKROOT = macosx;
				SWIFT_VERSION = 6.0;
			};
			name = Debug;
		};
		A1B2C3D4E5F6000000000061 /* Release */ = {
			isa = XCBuildConfiguration;
			buildSettings = {
				CLANG_ENABLE_MODULES = YES;
				MACOSX_DEPLOYMENT_TARGET = 12.0;
				SDKROOT = macosx;
				SWIFT_VERSION = 6.0;
			};
			name = Release;
		};
		A1B2C3D4E5F6000000000062 /* Debug */ = {
			isa = XCBuildConfiguration;
			buildSettings = {
				CODE_SIGN_STYLE = Automatic;
				CURRENT_PROJECT_VERSION = 1;
				DEVELOPMENT_TEAM = C9QTS488J3;
				ENABLE_HARDENED_RUNTIME = YES;
				GENERATE_INFOPLIST_FILE = NO;
				INFOPLIST_FILE = Info.plist;
				LD_RUNPATH_SEARCH_PATHS = (
					"$(inherited)",
					"@executable_path/../Frameworks",
				);
				MACOSX_DEPLOYMENT_TARGET = 12.0;
				MARKETING_VERSION = 1.0;
				PRODUCT_BUNDLE_IDENTIFIER = "com.gongshuisanye.hey-clawd";
				PRODUCT_NAME = "$(TARGET_NAME)";
				SDKROOT = macosx;
				SWIFT_EMIT_LOC_STRINGS = YES;
				SWIFT_VERSION = 6.0;
			};
			name = Debug;
		};
		A1B2C3D4E5F6000000000063 /* Release */ = {
			isa = XCBuildConfiguration;
			buildSettings = {
				CODE_SIGN_STYLE = Automatic;
				CURRENT_PROJECT_VERSION = 1;
				DEVELOPMENT_TEAM = C9QTS488J3;
				ENABLE_HARDENED_RUNTIME = YES;
				GENERATE_INFOPLIST_FILE = NO;
				INFOPLIST_FILE = Info.plist;
				LD_RUNPATH_SEARCH_PATHS = (
					"$(inherited)",
					"@executable_path/../Frameworks",
				);
				MACOSX_DEPLOYMENT_TARGET = 12.0;
				MARKETING_VERSION = 1.0;
				PRODUCT_BUNDLE_IDENTIFIER = "com.gongshuisanye.hey-clawd";
				PRODUCT_NAME = "$(TARGET_NAME)";
				SDKROOT = macosx;
				SWIFT_EMIT_LOC_STRINGS = YES;
				SWIFT_VERSION = 6.0;
			};
			name = Release;
		};
/* End XCBuildConfiguration section */

/* Begin XCConfigurationList section */
		A1B2C3D4E5F6000000000050 /* Build configuration list for PBXNativeTarget "hey-clawd" */ = {
			isa = XCConfigurationList;
			buildConfigurations = (
				A1B2C3D4E5F6000000000062 /* Debug */,
				A1B2C3D4E5F6000000000063 /* Release */,
			);
			defaultConfigurationIsVisible = 0;
			defaultConfigurationName = Release;
		};
		A1B2C3D4E5F6000000000051 /* Build configuration list for PBXProject "hey-clawd" */ = {
			isa = XCConfigurationList;
			buildConfigurations = (
				A1B2C3D4E5F6000000000060 /* Debug */,
				A1B2C3D4E5F6000000000061 /* Release */,
			);
			defaultConfigurationIsVisible = 0;
			defaultConfigurationName = Release;
		};
/* End XCConfigurationList section */

/* Begin XCRemoteSwiftPackageReference section */
		B10000000000000000000FF2 /* XCRemoteSwiftPackageReference "Sparkle" */ = {
			isa = XCRemoteSwiftPackageReference;
			repositoryURL = "https://github.com/sparkle-project/Sparkle";
			requirement = {
				kind = upToNextMajorVersion;
				minimumVersion = 2.6.0;
			};
		};
/* End XCRemoteSwiftPackageReference section */

/* Begin XCSwiftPackageProductDependency section */
		B10000000000000000000FF1 /* Sparkle */ = {
			isa = XCSwiftPackageProductDependency;
			package = B10000000000000000000FF2 /* XCRemoteSwiftPackageReference "Sparkle" */;
			productName = Sparkle;
		};
/* End XCSwiftPackageProductDependency section */
	};
	rootObject = A1B2C3D4E5F6000000000041 /* Project object */;
}
